
Microsoft Visual Studio Solution File, Format Version 12.00
# Visual Studio Version 16
VisualStudioVersion = 25.0.1706.5
MinimumVisualStudioVersion = 10.0.40219.1
Project("{FAE04EC0-301F-11D3-BF4B-00C04F79EFBC}") = "TypesAndVariables", "TypesAndVariables\TypesAndVariables.csproj", "{A06FBBAC-7DBC-4772-AE47-8AF726A2AD2B}"
EndProject
Project("{FAE04EC0-301F-11D3-BF4B-00C04F79EFBC}") = "Conditionals", "Conditionals\Conditionals.csproj", "{6D741495-F631-4E7E-85C9-C347D632457B}"
EndProject
Project("{FAE04EC0-301F-11D3-BF4B-00C04F79EFBC}") = "Methods", "Methods\Methods.csproj", "{765B2EB1-8C53-4CAE-A9D3-96ADE8533C7B}"
EndProject
Global
	GlobalSection(SolutionConfigurationPlatforms) = preSolution
		Debug|Any CPU = Debug|Any CPU
		Release|Any CPU = Release|Any CPU
	EndGlobalSection
	GlobalSection(ProjectConfigurationPlatforms) = postSolution
		{A06FBBAC-7DBC-4772-AE47-8AF726A2AD2B}.Debug|Any CPU.ActiveCfg = Debug|Any CPU
		{A06FBBAC-7DBC-4772-AE47-8AF726A2AD2B}.Debug|Any CPU.Build.0 = Debug|Any CPU
		{A06FBBAC-7DBC-4772-AE47-8AF726A2AD2B}.Release|Any CPU.ActiveCfg = Release|Any CPU
		{A06FBBAC-7DBC-4772-AE47-8AF726A2AD2B}.Release|Any CPU.Build.0 = Release|Any CPU
		{6D741495-F631-4E7E-85C9-C347D632457B}.Debug|Any CPU.ActiveCfg = Debug|Any CPU
		{6D741495-F631-4E7E-85C9-C347D632457B}.Debug|Any CPU.Build.0 = Debug|Any CPU
		{6D741495-F631-4E7E-85C9-C347D632457B}.Release|Any CPU.ActiveCfg = Release|Any CPU
		{6D741495-F631-4E7E-85C9-C347D632457B}.Release|Any CPU.Build.0 = Release|Any CPU
		{765B2EB1-8C53-4CAE-A9D3-96ADE8533C7B}.Debug|Any CPU.ActiveCfg = Debug|Any CPU
		{765B2EB1-8C53-4CAE-A9D3-96ADE8533C7B}.Debug|Any CPU.Build.0 = Debug|Any CPU
		{765B2EB1-8C53-4CAE-A9D3-96ADE8533C7B}.Release|Any CPU.ActiveCfg = Release|Any CPU
		{765B2EB1-8C53-4CAE-A9D3-96ADE8533C7B}.Release|Any CPU.Build.0 = Release|Any CPU
	EndGlobalSection
	GlobalSection(SolutionProperties) = preSolution
		HideSolutionNode = FALSE
	EndGlobalSection
	GlobalSection(ExtensibilityGlobals) = postSolution
		SolutionGuid = {0EE66E2E-A497-4E04-8C15-21F76C9B1C0A}
	EndGlobalSection
EndGlobal
